# THIS IS AN AUTOGENERATED FILE. DO NOT EDIT THIS FILE DIRECTLY.
# yarn lockfile v1


"@vant/area-data@^1.2.2":
  version "1.2.2"
  resolved "https://registry.npmmirror.com/@vant/area-data/-/area-data-1.2.2.tgz#1b0559ee93661663d10d3766bcde15ab35ff3fcd"
  integrity sha512-efv7Yl/OTHjyy0irhJJPtgZb5mJZmroEtVOa8vkGRNTLY93+NgEcVuIBaC35hYCMsTrPHDQRvQGnI9Hyhtto0Q==

"@vant/weapp@^1.10.2":
  version "1.10.2"
  resolved "https://registry.npmmirror.com/@vant/weapp/-/weapp-1.10.2.tgz#013fbf2fdc6d59d9e92bb82a0f772f032fb52945"
  integrity sha512-caqA0xQxM4lMRncFsRPPVMDdEzUBCJ4xdFXuKReXpEU3qwnVIP/WIjVDIi7mWyS7xqz8C9WfSW5JL4PrlSq31w==
